
Microsoft Visual Studio Solution File, Format Version 12.00
# Visual Studio Version 16
VisualStudioVersion = 16.0.30309.148
MinimumVisualStudioVersion = 10.0.40219.1
Project("{FAE04EC0-301F-11D3-BF4B-00C04F79EFBC}") = "Y5D.BookStore", "Y5D.BookStore\Y5D.BookStore.csproj", "{FC6CF065-2875-466B-A039-EB933809EC37}"
EndProject
Global
	GlobalSection(SolutionConfigurationPlatforms) = preSolution
		Debug|Any CPU = Debug|Any CPU
		Release|Any CPU = Release|Any CPU
	EndGlobalSection
	GlobalSection(ProjectConfigurationPlatforms) = postSolution
		{FC6CF065-2875-466B-A039-EB933809EC37}.Debug|Any CPU.ActiveCfg = Debug|Any CPU
		{FC6CF065-2875-466B-A039-EB933809EC37}.Debug|Any CPU.Build.0 = Debug|Any CPU
		{FC6CF065-2875-466B-A039-EB933809EC37}.Release|Any CPU.ActiveCfg = Release|Any CPU
		{FC6CF065-2875-466B-A039-EB933809EC37}.Release|Any CPU.Build.0 = Release|Any CPU
	EndGlobalSection
	GlobalSection(SolutionProperties) = preSolution
		HideSolutionNode = FALSE
	EndGlobalSection
	GlobalSection(ExtensibilityGlobals) = postSolution
		SolutionGuid = {4501A2AB-6235-4E89-BFAF-A4A76515C4DE}
	EndGlobalSection
EndGlobal
